
Microsoft Visual Studio Solution File, Format Version 12.00
# Visual Studio 15
VisualStudioVersion = 15.0.28010.2016
MinimumVisualStudioVersion = 10.0.40219.1
Project("{FAE04EC0-301F-11D3-BF4B-00C04F79EFBC}") = "Sales.Android", "Sales\Sales.Android\Sales.Android.csproj", "{7E3C0217-AB84-4C2C-81DF-CE87A688D720}"
EndProject
Project("{FAE04EC0-301F-11D3-BF4B-00C04F79EFBC}") = "Sales.iOS", "Sales\Sales.iOS\Sales.iOS.csproj", "{1E0DE961-99C6-41DD-BE6E-9B788C5706E5}"
EndProject
Project("{9A19103F-16F7-4668-BE54-9A1E7A4F7556}") = "Sales", "Sales\Sales\Sales.csproj", "{9ADC5D4A-4D55-48E8-89D2-B09642DA4935}"
EndProject
Project("{FAE04EC0-301F-11D3-BF4B-00C04F79EFBC}") = "Sales.Backend", "Sales.Backend\Sales.Backend.csproj", "{8226C358-7827-412A-963E-9C5410E58636}"
EndProject
Project("{FAE04EC0-301F-11D3-BF4B-00C04F79EFBC}") = "Sales.API", "Sales.API\Sales.API.csproj", "{A4719EE4-FD7A-4745-84E7-FA8E55A2BF24}"
EndProject
Project("{FAE04EC0-301F-11D3-BF4B-00C04F79EFBC}") = "Sales.Domain", "Sales.Domain\Sales.Domain.csproj", "{DA21534F-26CB-4A7B-8E6E-1C82ABE730D6}"
EndProject
Project("{FAE04EC0-301F-11D3-BF4B-00C04F79EFBC}") = "Sales.Common", "Sales.Common\Sales.Common.csproj", "{43B1E1EB-41AA-4786-B286-F21179C67F12}"
EndProject
Global
	GlobalSection(SolutionConfigurationPlatforms) = preSolution
		Ad-Hoc|Any CPU = Ad-Hoc|Any CPU
		Ad-Hoc|ARM = Ad-Hoc|ARM
		Ad-Hoc|iPhone = Ad-Hoc|iPhone
		Ad-Hoc|iPhoneSimulator = Ad-Hoc|iPhoneSimulator
		Ad-Hoc|x64 = Ad-Hoc|x64
		Ad-Hoc|x86 = Ad-Hoc|x86
		AppStore|Any CPU = AppStore|Any CPU
		AppStore|ARM = AppStore|ARM
		AppStore|iPhone = AppStore|iPhone
		AppStore|iPhoneSimulator = AppStore|iPhoneSimulator
		AppStore|x64 = AppStore|x64
		AppStore|x86 = AppStore|x86
		Debug|Any CPU = Debug|Any CPU
		Debug|ARM = Debug|ARM
		Debug|iPhone = Debug|iPhone
		Debug|iPhoneSimulator = Debug|iPhoneSimulator
		Debug|x64 = Debug|x64
		Debug|x86 = Debug|x86
		Release|Any CPU = Release|Any CPU
		Release|ARM = Release|ARM
		Release|iPhone = Release|iPhone
		Release|iPhoneSimulator = Release|iPhoneSimulator
		Release|x64 = Release|x64
		Release|x86 = Release|x86
	EndGlobalSection
	GlobalSection(ProjectConfigurationPlatforms) = postSolution
		{7E3C0217-AB84-4C2C-81DF-CE87A688D720}.Ad-Hoc|Any CPU.ActiveCfg = Release|Any CPU
		{7E3C0217-AB84-4C2C-81DF-CE87A688D720}.Ad-Hoc|Any CPU.Build.0 = Release|Any CPU
		{7E3C0217-AB84-4C2C-81DF-CE87A688D720}.Ad-Hoc|Any CPU.Deploy.0 = Release|Any CPU
		{7E3C0217-AB84-4C2C-81DF-CE87A688D720}.Ad-Hoc|ARM.ActiveCfg = Release|Any CPU
		{7E3C0217-AB84-4C2C-81DF-CE87A688D720}.Ad-Hoc|ARM.Build.0 = Release|Any CPU
		{7E3C0217-AB84-4C2C-81DF-CE87A688D720}.Ad-Hoc|ARM.Deploy.0 = Release|Any CPU
		{7E3C0217-AB84-4C2C-81DF-CE87A688D720}.Ad-Hoc|iPhone.ActiveCfg = Release|Any CPU
		{7E3C0217-AB84-4C2C-81DF-CE87A688D720}.Ad-Hoc|iPhone.Build.0 = Release|Any CPU
		{7E3C0217-AB84-4C2C-81DF-CE87A688D720}.Ad-Hoc|iPhone.Deploy.0 = Release|Any CPU
		{7E3C0217-AB84-4C2C-81DF-CE87A688D720}.Ad-Hoc|iPhoneSimulator.ActiveCfg = Release|Any CPU
		{7E3C0217-AB84-4C2C-81DF-CE87A688D720}.Ad-Hoc|iPhoneSimulator.Build.0 = Release|Any CPU
		{7E3C0217-AB84-4C2C-81DF-CE87A688D720}.Ad-Hoc|iPhoneSimulator.Deploy.0 = Release|Any CPU
		{7E3C0217-AB84-4C2C-81DF-CE87A688D720}.Ad-Hoc|x64.ActiveCfg = Release|Any CPU
		{7E3C0217-AB84-4C2C-81DF-CE87A688D720}.Ad-Hoc|x64.Build.0 = Release|Any CPU
		{7E3C0217-AB84-4C2C-81DF-CE87A688D720}.Ad-Hoc|x64.Deploy.0 = Release|Any CPU
		{7E3C0217-AB84-4C2C-81DF-CE87A688D720}.Ad-Hoc|x86.ActiveCfg = Release|Any CPU
		{7E3C0217-AB84-4C2C-81DF-CE87A688D720}.Ad-Hoc|x86.Build.0 = Release|Any CPU
		{7E3C0217-AB84-4C2C-81DF-CE87A688D720}.Ad-Hoc|x86.Deploy.0 = Release|Any CPU
		{7E3C0217-AB84-4C2C-81DF-CE87A688D720}.AppStore|Any CPU.ActiveCfg = Release|Any CPU
		{7E3C0217-AB84-4C2C-81DF-CE87A688D720}.AppStore|Any CPU.Build.0 = Release|Any CPU
		{7E3C0217-AB84-4C2C-81DF-CE87A688D720}.AppStore|Any CPU.Deploy.0 = Release|Any CPU
		{7E3C0217-AB84-4C2C-81DF-CE87A688D720}.AppStore|ARM.ActiveCfg = Release|Any CPU
		{7E3C0217-AB84-4C2C-81DF-CE87A688D720}.AppStore|ARM.Build.0 = Release|Any CPU
		{7E3C0217-AB84-4C2C-81DF-CE87A688D720}.AppStore|ARM.Deploy.0 = Release|Any CPU
		{7E3C0217-AB84-4C2C-81DF-CE87A688D720}.AppStore|iPhone.ActiveCfg = Release|Any CPU
		{7E3C0217-AB84-4C2C-81DF-CE87A688D720}.AppStore|iPhone.Build.0 = Release|Any CPU
		{7E3C0217-AB84-4C2C-81DF-CE87A688D720}.AppStore|iPhone.Deploy.0 = Release|Any CPU
		{7E3C0217-AB84-4C2C-81DF-CE87A688D720}.AppStore|iPhoneSimulator.ActiveCfg = Release|Any CPU
		{7E3C0217-AB84-4C2C-81DF-CE87A688D720}.AppStore|iPhoneSimulator.Build.0 = Release|Any CPU
		{7E3C0217-AB84-4C2C-81DF-CE87A688D720}.AppStore|iPhoneSimulator.Deploy.0 = Release|Any CPU
		{7E3C0217-AB84-4C2C-81DF-CE87A688D720}.AppStore|x64.ActiveCfg = Release|Any CPU
		{7E3C0217-AB84-4C2C-81DF-CE87A688D720}.AppStore|x64.Build.0 = Release|Any CPU
		{7E3C0217-AB84-4C2C-81DF-CE87A688D720}.AppStore|x64.Deploy.0 = Release|Any CPU
		{7E3C0217-AB84-4C2C-81DF-CE87A688D720}.AppStore|x86.ActiveCfg = Release|Any CPU
		{7E3C0217-AB84-4C2C-81DF-CE87A688D720}.AppStore|x86.Build.0 = Release|Any CPU
		{7E3C0217-AB84-4C2C-81DF-CE87A688D720}.AppStore|x86.Deploy.0 = Release|Any CPU
		{7E3C0217-AB84-4C2C-81DF-CE87A688D720}.Debug|Any CPU.ActiveCfg = Debug|Any CPU
		{7E3C0217-AB84-4C2C-81DF-CE87A688D720}.Debug|Any CPU.Build.0 = Debug|Any CPU
		{7E3C0217-AB84-4C2C-81DF-CE87A688D720}.Debug|Any CPU.Deploy.0 = Debug|Any CPU
		{7E3C0217-AB84-4C2C-81DF-CE87A688D720}.Debug|ARM.ActiveCfg = Debug|Any CPU
		{7E3C0217-AB84-4C2C-81DF-CE87A688D720}.Debug|ARM.Build.0 = Debug|Any CPU
		{7E3C0217-AB84-4C2C-81DF-CE87A688D720}.Debug|ARM.Deploy.0 = Debug|Any CPU
		{7E3C0217-AB84-4C2C-81DF-CE87A688D720}.Debug|iPhone.ActiveCfg = Debug|Any CPU
		{7E3C0217-AB84-4C2C-81DF-CE87A688D720}.Debug|iPhone.Build.0 = Debug|Any CPU
		{7E3C0217-AB84-4C2C-81DF-CE87A688D720}.Debug|iPhone.Deploy.0 = Debug|Any CPU
		{7E3C0217-AB84-4C2C-81DF-CE87A688D720}.Debug|iPhoneSimulator.ActiveCfg = Debug|Any CPU
		{7E3C0217-AB84-4C2C-81DF-CE87A688D720}.Debug|iPhoneSimulator.Build.0 = Debug|Any CPU
		{7E3C0217-AB84-4C2C-81DF-CE87A688D720}.Debug|iPhoneSimulator.Deploy.0 = Debug|Any CPU
		{7E3C0217-AB84-4C2C-81DF-CE87A688D720}.Debug|x64.ActiveCfg = Debug|Any CPU
		{7E3C0217-AB84-4C2C-81DF-CE87A688D720}.Debug|x64.Build.0 = Debug|Any CPU
		{7E3C0217-AB84-4C2C-81DF-CE87A688D720}.Debug|x64.Deploy.0 = Debug|Any CPU
		{7E3C0217-AB84-4C2C-81DF-CE87A688D720}.Debug|x86.ActiveCfg = Debug|Any CPU
		{7E3C0217-AB84-4C2C-81DF-CE87A688D720}.Debug|x86.Build.0 = Debug|Any CPU
		{7E3C0217-AB84-4C2C-81DF-CE87A688D720}.Debug|x86.Deploy.0 = Debug|Any CPU
		{7E3C0217-AB84-4C2C-81DF-CE87A688D720}.Release|Any CPU.ActiveCfg = Release|Any CPU
		{7E3C0217-AB84-4C2C-81DF-CE87A688D720}.Release|Any CPU.Build.0 = Release|Any CPU
		{7E3C0217-AB84-4C2C-81DF-CE87A688D720}.Release|Any CPU.Deploy.0 = Release|Any CPU
		{7E3C0217-AB84-4C2C-81DF-CE87A688D720}.Release|ARM.ActiveCfg = Release|Any CPU
		{7E3C0217-AB84-4C2C-81DF-CE87A688D720}.Release|ARM.Build.0 = Release|Any CPU
		{7E3C0217-AB84-4C2C-81DF-CE87A688D720}.Release|ARM.Deploy.0 = Release|Any CPU
		{7E3C0217-AB84-4C2C-81DF-CE87A688D720}.Release|iPhone.ActiveCfg = Release|Any CPU
		{7E3C0217-AB84-4C2C-81DF-CE87A688D720}.Release|iPhone.Build.0 = Release|Any CPU
		{7E3C0217-AB84-4C2C-81DF-CE87A688D720}.Release|iPhone.Deploy.0 = Release|Any CPU
		{7E3C0217-AB84-4C2C-81DF-CE87A688D720}.Release|iPhoneSimulator.ActiveCfg = Release|Any CPU
		{7E3C0217-AB84-4C2C-81DF-CE87A688D720}.Release|iPhoneSimulator.Build.0 = Release|Any CPU
		{7E3C0217-AB84-4C2C-81DF-CE87A688D720}.Release|iPhoneSimulator.Deploy.0 = Release|Any CPU
		{7E3C0217-AB84-4C2C-81DF-CE87A688D720}.Release|x64.ActiveCfg = Release|Any CPU
		{7E3C0217-AB84-4C2C-81DF-CE87A688D720}.Release|x64.Build.0 = Release|Any CPU
		{7E3C0217-AB84-4C2C-81DF-CE87A688D720}.Release|x64.Deploy.0 = Release|Any CPU
		{7E3C0217-AB84-4C2C-81DF-CE87A688D720}.Release|x86.ActiveCfg = Release|Any CPU
		{7E3C0217-AB84-4C2C-81DF-CE87A688D720}.Release|x86.Build.0 = Release|Any CPU
		{7E3C0217-AB84-4C2C-81DF-CE87A688D720}.Release|x86.Deploy.0 = Release|Any CPU
		{1E0DE961-99C6-41DD-BE6E-9B788C5706E5}.Ad-Hoc|Any CPU.ActiveCfg = Ad-Hoc|iPhone
		{1E0DE961-99C6-41DD-BE6E-9B788C5706E5}.Ad-Hoc|Any CPU.Build.0 = Ad-Hoc|iPhone
		{1E0DE961-99C6-41DD-BE6E-9B788C5706E5}.Ad-Hoc|Any CPU.Deploy.0 = Ad-Hoc|iPhone
		{1E0DE961-99C6-41DD-BE6E-9B788C5706E5}.Ad-Hoc|ARM.ActiveCfg = Ad-Hoc|iPhone
		{1E0DE961-99C6-41DD-BE6E-9B788C5706E5}.Ad-Hoc|ARM.Build.0 = Ad-Hoc|iPhone
		{1E0DE961-99C6-41DD-BE6E-9B788C5706E5}.Ad-Hoc|ARM.Deploy.0 = Ad-Hoc|iPhone
		{1E0DE961-99C6-41DD-BE6E-9B788C5706E5}.Ad-Hoc|iPhone.ActiveCfg = Ad-Hoc|iPhone
		{1E0DE961-99C6-41DD-BE6E-9B788C5706E5}.Ad-Hoc|iPhone.Build.0 = Ad-Hoc|iPhone
		{1E0DE961-99C6-41DD-BE6E-9B788C5706E5}.Ad-Hoc|iPhone.Deploy.0 = Ad-Hoc|iPhone
		{1E0DE961-99C6-41DD-BE6E-9B788C5706E5}.Ad-Hoc|iPhoneSimulator.ActiveCfg = Ad-Hoc|iPhoneSimulator
		{1E0DE961-99C6-41DD-BE6E-9B788C5706E5}.Ad-Hoc|iPhoneSimulator.Build.0 = Ad-Hoc|iPhoneSimulator
		{1E0DE961-99C6-41DD-BE6E-9B788C5706E5}.Ad-Hoc|iPhoneSimulator.Deploy.0 = Ad-Hoc|iPhoneSimulator
		{1E0DE961-99C6-41DD-BE6E-9B788C5706E5}.Ad-Hoc|x64.ActiveCfg = Ad-Hoc|iPhone
		{1E0DE961-99C6-41DD-BE6E-9B788C5706E5}.Ad-Hoc|x64.Build.0 = Ad-Hoc|iPhone
		{1E0DE961-99C6-41DD-BE6E-9B788C5706E5}.Ad-Hoc|x64.Deploy.0 = Ad-Hoc|iPhone
		{1E0DE961-99C6-41DD-BE6E-9B788C5706E5}.Ad-Hoc|x86.ActiveCfg = Ad-Hoc|iPhone
		{1E0DE961-99C6-41DD-BE6E-9B788C5706E5}.Ad-Hoc|x86.Build.0 = Ad-Hoc|iPhone
		{1E0DE961-99C6-41DD-BE6E-9B788C5706E5}.Ad-Hoc|x86.Deploy.0 = Ad-Hoc|iPhone
		{1E0DE961-99C6-41DD-BE6E-9B788C5706E5}.AppStore|Any CPU.ActiveCfg = AppStore|iPhone
		{1E0DE961-99C6-41DD-BE6E-9B788C5706E5}.AppStore|Any CPU.Build.0 = AppStore|iPhone
		{1E0DE961-99C6-41DD-BE6E-9B788C5706E5}.AppStore|Any CPU.Deploy.0 = AppStore|iPhone
		{1E0DE961-99C6-41DD-BE6E-9B788C5706E5}.AppStore|ARM.ActiveCfg = AppStore|iPhone
		{1E0DE961-99C6-41DD-BE6E-9B788C5706E5}.AppStore|ARM.Build.0 = AppStore|iPhone
		{1E0DE961-99C6-41DD-BE6E-9B788C5706E5}.AppStore|ARM.Deploy.0 = AppStore|iPhone
		{1E0DE961-99C6-41DD-BE6E-9B788C5706E5}.AppStore|iPhone.ActiveCfg = AppStore|iPhone
		{1E0DE961-99C6-41DD-BE6E-9B788C5706E5}.AppStore|iPhone.Build.0 = AppStore|iPhone
		{1E0DE961-99C6-41DD-BE6E-9B788C5706E5}.AppStore|iPhone.Deploy.0 = AppStore|iPhone
		{1E0DE961-99C6-41DD-BE6E-9B788C5706E5}.AppStore|iPhoneSimulator.ActiveCfg = AppStore|iPhoneSimulator
		{1E0DE961-99C6-41DD-BE6E-9B788C5706E5}.AppStore|iPhoneSimulator.Build.0 = AppStore|iPhoneSimulator
		{1E0DE961-99C6-41DD-BE6E-9B788C5706E5}.AppStore|iPhoneSimulator.Deploy.0 = AppStore|iPhoneSimulator
		{1E0DE961-99C6-41DD-BE6E-9B788C5706E5}.AppStore|x64.ActiveCfg = AppStore|iPhone
		{1E0DE961-99C6-41DD-BE6E-9B788C5706E5}.AppStore|x64.Build.0 = AppStore|iPhone
		{1E0DE961-99C6-41DD-BE6E-9B788C5706E5}.AppStore|x64.Deploy.0 = AppStore|iPhone
		{1E0DE961-99C6-41DD-BE6E-9B788C5706E5}.AppStore|x86.ActiveCfg = AppStore|iPhone
		{1E0DE961-99C6-41DD-BE6E-9B788C5706E5}.AppStore|x86.Build.0 = AppStore|iPhone
		{1E0DE961-99C6-41DD-BE6E-9B788C5706E5}.AppStore|x86.Deploy.0 = AppStore|iPhone
		{1E0DE961-99C6-41DD-BE6E-9B788C5706E5}.Debug|Any CPU.ActiveCfg = Debug|iPhoneSimulator
		{1E0DE961-99C6-41DD-BE6E-9B788C5706E5}.Debug|Any CPU.Build.0 = Debug|iPhoneSimulator
		{1E0DE961-99C6-41DD-BE6E-9B788C5706E5}.Debug|Any CPU.Deploy.0 = Debug|iPhoneSimulator
		{1E0DE961-99C6-41DD-BE6E-9B788C5706E5}.Debug|ARM.ActiveCfg = Debug|iPhone
		{1E0DE961-99C6-41DD-BE6E-9B788C5706E5}.Debug|ARM.Build.0 = Debug|iPhone
		{1E0DE961-99C6-41DD-BE6E-9B788C5706E5}.Debug|ARM.Deploy.0 = Debug|iPhone
		{1E0DE961-99C6-41DD-BE6E-9B788C5706E5}.Debug|iPhone.ActiveCfg = Debug|iPhone
		{1E0DE961-99C6-41DD-BE6E-9B788C5706E5}.Debug|iPhone.Build.0 = Debug|iPhone
		{1E0DE961-99C6-41DD-BE6E-9B788C5706E5}.Debug|iPhone.Deploy.0 = Debug|iPhone
		{1E0DE961-99C6-41DD-BE6E-9B788C5706E5}.Debug|iPhoneSimulator.ActiveCfg = Debug|iPhoneSimulator
		{1E0DE961-99C6-41DD-BE6E-9B788C5706E5}.Debug|iPhoneSimulator.Build.0 = Debug|iPhoneSimulator
		{1E0DE961-99C6-41DD-BE6E-9B788C5706E5}.Debug|iPhoneSimulator.Deploy.0 = Debug|iPhoneSimulator
		{1E0DE961-99C6-41DD-BE6E-9B788C5706E5}.Debug|x64.ActiveCfg = Debug|iPhone
		{1E0DE961-99C6-41DD-BE6E-9B788C5706E5}.Debug|x64.Build.0 = Debug|iPhone
		{1E0DE961-99C6-41DD-BE6E-9B788C5706E5}.Debug|x64.Deploy.0 = Debug|iPhone
		{1E0DE961-99C6-41DD-BE6E-9B788C5706E5}.Debug|x86.ActiveCfg = Debug|iPhone
		{1E0DE961-99C6-41DD-BE6E-9B788C5706E5}.Debug|x86.Build.0 = Debug|iPhone
		{1E0DE961-99C6-41DD-BE6E-9B788C5706E5}.Debug|x86.Deploy.0 = Debug|iPhone
		{1E0DE961-99C6-41DD-BE6E-9B788C5706E5}.Release|Any CPU.ActiveCfg = Release|iPhone
		{1E0DE961-99C6-41DD-BE6E-9B788C5706E5}.Release|Any CPU.Build.0 = Release|iPhone
		{1E0DE961-99C6-41DD-BE6E-9B788C5706E5}.Release|Any CPU.Deploy.0 = Release|iPhone
		{1E0DE961-99C6-41DD-BE6E-9B788C5706E5}.Release|ARM.ActiveCfg = Release|iPhone
		{1E0DE961-99C6-41DD-BE6E-9B788C5706E5}.Release|ARM.Build.0 = Release|iPhone
		{1E0DE961-99C6-41DD-BE6E-9B788C5706E5}.Release|ARM.Deploy.0 = Release|iPhone
		{1E0DE961-99C6-41DD-BE6E-9B788C5706E5}.Release|iPhone.ActiveCfg = Release|iPhone
		{1E0DE961-99C6-41DD-BE6E-9B788C5706E5}.Release|iPhone.Build.0 = Release|iPhone
		{1E0DE961-99C6-41DD-BE6E-9B788C5706E5}.Release|iPhone.Deploy.0 = Release|iPhone
		{1E0DE961-99C6-41DD-BE6E-9B788C5706E5}.Release|iPhoneSimulator.ActiveCfg = Release|iPhoneSimulator
		{1E0DE961-99C6-41DD-BE6E-9B788C5706E5}.Release|iPhoneSimulator.Build.0 = Release|iPhoneSimulator
		{1E0DE961-99C6-41DD-BE6E-9B788C5706E5}.Release|iPhoneSimulator.Deploy.0 = Release|iPhoneSimulator
		{1E0DE961-99C6-41DD-BE6E-9B788C5706E5}.Release|x64.ActiveCfg = Release|iPhone
		{1E0DE961-99C6-41DD-BE6E-9B788C5706E5}.Release|x64.Build.0 = Release|iPhone
		{1E0DE961-99C6-41DD-BE6E-9B788C5706E5}.Release|x64.Deploy.0 = Release|iPhone
		{1E0DE961-99C6-41DD-BE6E-9B788C5706E5}.Release|x86.ActiveCfg = Release|iPhone
		{1E0DE961-99C6-41DD-BE6E-9B788C5706E5}.Release|x86.Build.0 = Release|iPhone
		{1E0DE961-99C6-41DD-BE6E-9B788C5706E5}.Release|x86.Deploy.0 = Release|iPhone
		{9ADC5D4A-4D55-48E8-89D2-B09642DA4935}.Ad-Hoc|Any CPU.ActiveCfg = Debug|Any CPU
		{9ADC5D4A-4D55-48E8-89D2-B09642DA4935}.Ad-Hoc|Any CPU.Build.0 = Debug|Any CPU
		{9ADC5D4A-4D55-48E8-89D2-B09642DA4935}.Ad-Hoc|Any CPU.Deploy.0 = Debug|Any CPU
		{9ADC5D4A-4D55-48E8-89D2-B09642DA4935}.Ad-Hoc|ARM.ActiveCfg = Debug|Any CPU
		{9ADC5D4A-4D55-48E8-89D2-B09642DA4935}.Ad-Hoc|ARM.Build.0 = Debug|Any CPU
		{9ADC5D4A-4D55-48E8-89D2-B09642DA4935}.Ad-Hoc|ARM.Deploy.0 = Debug|Any CPU
		{9ADC5D4A-4D55-48E8-89D2-B09642DA4935}.Ad-Hoc|iPhone.ActiveCfg = Debug|Any CPU
		{9ADC5D4A-4D55-48E8-89D2-B09642DA4935}.Ad-Hoc|iPhone.Build.0 = Debug|Any CPU
		{9ADC5D4A-4D55-48E8-89D2-B09642DA4935}.Ad-Hoc|iPhone.Deploy.0 = Debug|Any CPU
		{9ADC5D4A-4D55-48E8-89D2-B09642DA4935}.Ad-Hoc|iPhoneSimulator.ActiveCfg = Debug|Any CPU
		{9ADC5D4A-4D55-48E8-89D2-B09642DA4935}.Ad-Hoc|iPhoneSimulator.Build.0 = Debug|Any CPU
		{9ADC5D4A-4D55-48E8-89D2-B09642DA4935}.Ad-Hoc|iPhoneSimulator.Deploy.0 = Debug|Any CPU
		{9ADC5D4A-4D55-48E8-89D2-B09642DA4935}.Ad-Hoc|x64.ActiveCfg = Debug|Any CPU
		{9ADC5D4A-4D55-48E8-89D2-B09642DA4935}.Ad-Hoc|x64.Build.0 = Debug|Any CPU
		{9ADC5D4A-4D55-48E8-89D2-B09642DA4935}.Ad-Hoc|x64.Deploy.0 = Debug|Any CPU
		{9ADC5D4A-4D55-48E8-89D2-B09642DA4935}.Ad-Hoc|x86.ActiveCfg = Debug|Any CPU
		{9ADC5D4A-4D55-48E8-89D2-B09642DA4935}.Ad-Hoc|x86.Build.0 = Debug|Any CPU
		{9ADC5D4A-4D55-48E8-89D2-B09642DA4935}.Ad-Hoc|x86.Deploy.0 = Debug|Any CPU
		{9ADC5D4A-4D55-48E8-89D2-B09642DA4935}.AppStore|Any CPU.ActiveCfg = Debug|Any CPU
		{9ADC5D4A-4D55-48E8-89D2-B09642DA4935}.AppStore|Any CPU.Build.0 = Debug|Any CPU
		{9ADC5D4A-4D55-48E8-89D2-B09642DA4935}.AppStore|Any CPU.Deploy.0 = Debug|Any CPU
		{9ADC5D4A-4D55-48E8-89D2-B09642DA4935}.AppStore|ARM.ActiveCfg = Debug|Any CPU
		{9ADC5D4A-4D55-48E8-89D2-B09642DA4935}.AppStore|ARM.Build.0 = Debug|Any CPU
		{9ADC5D4A-4D55-48E8-89D2-B09642DA4935}.AppStore|ARM.Deploy.0 = Debug|Any CPU
		{9ADC5D4A-4D55-48E8-89D2-B09642DA4935}.AppStore|iPhone.ActiveCfg = Debug|Any CPU
		{9ADC5D4A-4D55-48E8-89D2-B09642DA4935}.AppStore|iPhone.Build.0 = Debug|Any CPU
		{9ADC5D4A-4D55-48E8-89D2-B09642DA4935}.AppStore|iPhone.Deploy.0 = Debug|Any CPU
		{9ADC5D4A-4D55-48E8-89D2-B09642DA4935}.AppStore|iPhoneSimulator.ActiveCfg = Debug|Any CPU
		{9ADC5D4A-4D55-48E8-89D2-B09642DA4935}.AppStore|iPhoneSimulator.Build.0 = Debug|Any CPU
		{9ADC5D4A-4D55-48E8-89D2-B09642DA4935}.AppStore|iPhoneSimulator.Deploy.0 = Debug|Any CPU
		{9ADC5D4A-4D55-48E8-89D2-B09642DA4935}.AppStore|x64.ActiveCfg = Debug|Any CPU
		{9ADC5D4A-4D55-48E8-89D2-B09642DA4935}.AppStore|x64.Build.0 = Debug|Any CPU
		{9ADC5D4A-4D55-48E8-89D2-B09642DA4935}.AppStore|x64.Deploy.0 = Debug|Any CPU
		{9ADC5D4A-4D55-48E8-89D2-B09642DA4935}.AppStore|x86.ActiveCfg = Debug|Any CPU
		{9ADC5D4A-4D55-48E8-89D2-B09642DA4935}.AppStore|x86.Build.0 = Debug|Any CPU
		{9ADC5D4A-4D55-48E8-89D2-B09642DA4935}.AppStore|x86.Deploy.0 = Debug|Any CPU
		{9ADC5D4A-4D55-48E8-89D2-B09642DA4935}.Debug|Any CPU.ActiveCfg = Debug|Any CPU
		{9ADC5D4A-4D55-48E8-89D2-B09642DA4935}.Debug|Any CPU.Build.0 = Debug|Any CPU
		{9ADC5D4A-4D55-48E8-89D2-B09642DA4935}.Debug|Any CPU.Deploy.0 = Debug|Any CPU
		{9ADC5D4A-4D55-48E8-89D2-B09642DA4935}.Debug|ARM.ActiveCfg = Debug|Any CPU
		{9ADC5D4A-4D55-48E8-89D2-B09642DA4935}.Debug|ARM.Build.0 = Debug|Any CPU
		{9ADC5D4A-4D55-48E8-89D2-B09642DA4935}.Debug|ARM.Deploy.0 = Debug|Any CPU
		{9ADC5D4A-4D55-48E8-89D2-B09642DA4935}.Debug|iPhone.ActiveCfg = Debug|Any CPU
		{9ADC5D4A-4D55-48E8-89D2-B09642DA4935}.Debug|iPhone.Build.0 = Debug|Any CPU
		{9ADC5D4A-4D55-48E8-89D2-B09642DA4935}.Debug|iPhone.Deploy.0 = Debug|Any CPU
		{9ADC5D4A-4D55-48E8-89D2-B09642DA4935}.Debug|iPhoneSimulator.ActiveCfg = Debug|Any CPU
		{9ADC5D4A-4D55-48E8-89D2-B09642DA4935}.Debug|iPhoneSimulator.Build.0 = Debug|Any CPU
		{9ADC5D4A-4D55-48E8-89D2-B09642DA4935}.Debug|iPhoneSimulator.Deploy.0 = Debug|Any CPU
		{9ADC5D4A-4D55-48E8-89D2-B09642DA4935}.Debug|x64.ActiveCfg = Debug|Any CPU
		{9ADC5D4A-4D55-48E8-89D2-B09642DA4935}.Debug|x64.Build.0 = Debug|Any CPU
		{9ADC5D4A-4D55-48E8-89D2-B09642DA4935}.Debug|x64.Deploy.0 = Debug|Any CPU
		{9ADC5D4A-4D55-48E8-89D2-B09642DA4935}.Debug|x86.ActiveCfg = Debug|Any CPU
		{9ADC5D4A-4D55-48E8-89D2-B09642DA4935}.Debug|x86.Build.0 = Debug|Any CPU
		{9ADC5D4A-4D55-48E8-89D2-B09642DA4935}.Debug|x86.Deploy.0 = Debug|Any CPU
		{9ADC5D4A-4D55-48E8-89D2-B09642DA4935}.Release|Any CPU.ActiveCfg = Release|Any CPU
		{9ADC5D4A-4D55-48E8-89D2-B09642DA4935}.Release|Any CPU.Build.0 = Release|Any CPU
		{9ADC5D4A-4D55-48E8-89D2-B09642DA4935}.Release|Any CPU.Deploy.0 = Release|Any CPU
		{9ADC5D4A-4D55-48E8-89D2-B09642DA4935}.Release|ARM.ActiveCfg = Release|Any CPU
		{9ADC5D4A-4D55-48E8-89D2-B09642DA4935}.Release|ARM.Build.0 = Release|Any CPU
		{9ADC5D4A-4D55-48E8-89D2-B09642DA4935}.Release|ARM.Deploy.0 = Release|Any CPU
		{9ADC5D4A-4D55-48E8-89D2-B09642DA4935}.Release|iPhone.ActiveCfg = Release|Any CPU
		{9ADC5D4A-4D55-48E8-89D2-B09642DA4935}.Release|iPhone.Build.0 = Release|Any CPU
		{9ADC5D4A-4D55-48E8-89D2-B09642DA4935}.Release|iPhone.Deploy.0 = Release|Any CPU
		{9ADC5D4A-4D55-48E8-89D2-B09642DA4935}.Release|iPhoneSimulator.ActiveCfg = Release|Any CPU
		{9ADC5D4A-4D55-48E8-89D2-B09642DA4935}.Release|iPhoneSimulator.Build.0 = Release|Any CPU
		{9ADC5D4A-4D55-48E8-89D2-B09642DA4935}.Release|iPhoneSimulator.Deploy.0 = Release|Any CPU
		{9ADC5D4A-4D55-48E8-89D2-B09642DA4935}.Release|x64.ActiveCfg = Release|Any CPU
		{9ADC5D4A-4D55-48E8-89D2-B09642DA4935}.Release|x64.Build.0 = Release|Any CPU
		{9ADC5D4A-4D55-48E8-89D2-B09642DA4935}.Release|x64.Deploy.0 = Release|Any CPU
		{9ADC5D4A-4D55-48E8-89D2-B09642DA4935}.Release|x86.ActiveCfg = Release|Any CPU
		{9ADC5D4A-4D55-48E8-89D2-B09642DA4935}.Release|x86.Build.0 = Release|Any CPU
		{9ADC5D4A-4D55-48E8-89D2-B09642DA4935}.Release|x86.Deploy.0 = Release|Any CPU
		{8226C358-7827-412A-963E-9C5410E58636}.Ad-Hoc|Any CPU.ActiveCfg = Release|Any CPU
		{8226C358-7827-412A-963E-9C5410E58636}.Ad-Hoc|Any CPU.Build.0 = Release|Any CPU
		{8226C358-7827-412A-963E-9C5410E58636}.Ad-Hoc|ARM.ActiveCfg = Release|Any CPU
		{8226C358-7827-412A-963E-9C5410E58636}.Ad-Hoc|ARM.Build.0 = Release|Any CPU
		{8226C358-7827-412A-963E-9C5410E58636}.Ad-Hoc|iPhone.ActiveCfg = Release|Any CPU
		{8226C358-7827-412A-963E-9C5410E58636}.Ad-Hoc|iPhone.Build.0 = Release|Any CPU
		{8226C358-7827-412A-963E-9C5410E58636}.Ad-Hoc|iPhoneSimulator.ActiveCfg = Release|Any CPU
		{8226C358-7827-412A-963E-9C5410E58636}.Ad-Hoc|iPhoneSimulator.Build.0 = Release|Any CPU
		{8226C358-7827-412A-963E-9C5410E58636}.Ad-Hoc|x64.ActiveCfg = Release|Any CPU
		{8226C358-7827-412A-963E-9C5410E58636}.Ad-Hoc|x64.Build.0 = Release|Any CPU
		{8226C358-7827-412A-963E-9C5410E58636}.Ad-Hoc|x86.ActiveCfg = Release|Any CPU
		{8226C358-7827-412A-963E-9C5410E58636}.Ad-Hoc|x86.Build.0 = Release|Any CPU
		{8226C358-7827-412A-963E-9C5410E58636}.AppStore|Any CPU.ActiveCfg = Release|Any CPU
		{8226C358-7827-412A-963E-9C5410E58636}.AppStore|Any CPU.Build.0 = Release|Any CPU
		{8226C358-7827-412A-963E-9C5410E58636}.AppStore|ARM.ActiveCfg = Release|Any CPU
		{8226C358-7827-412A-963E-9C5410E58636}.AppStore|ARM.Build.0 = Release|Any CPU
		{8226C358-7827-412A-963E-9C5410E58636}.AppStore|iPhone.ActiveCfg = Release|Any CPU
		{8226C358-7827-412A-963E-9C5410E58636}.AppStore|iPhone.Build.0 = Release|Any CPU
		{8226C358-7827-412A-963E-9C5410E58636}.AppStore|iPhoneSimulator.ActiveCfg = Release|Any CPU
		{8226C358-7827-412A-963E-9C5410E58636}.AppStore|iPhoneSimulator.Build.0 = Release|Any CPU
		{8226C358-7827-412A-963E-9C5410E58636}.AppStore|x64.ActiveCfg = Release|Any CPU
		{8226C358-7827-412A-963E-9C5410E58636}.AppStore|x64.Build.0 = Release|Any CPU
		{8226C358-7827-412A-963E-9C5410E58636}.AppStore|x86.ActiveCfg = Release|Any CPU
		{8226C358-7827-412A-963E-9C5410E58636}.AppStore|x86.Build.0 = Release|Any CPU
		{8226C358-7827-412A-963E-9C5410E58636}.Debug|Any CPU.ActiveCfg = Debug|Any CPU
		{8226C358-7827-412A-963E-9C5410E58636}.Debug|Any CPU.Build.0 = Debug|Any CPU
		{8226C358-7827-412A-963E-9C5410E58636}.Debug|ARM.ActiveCfg = Debug|Any CPU
		{8226C358-7827-412A-963E-9C5410E58636}.Debug|ARM.Build.0 = Debug|Any CPU
		{8226C358-7827-412A-963E-9C5410E58636}.Debug|iPhone.ActiveCfg = Debug|Any CPU
		{8226C358-7827-412A-963E-9C5410E58636}.Debug|iPhone.Build.0 = Debug|Any CPU
		{8226C358-7827-412A-963E-9C5410E58636}.Debug|iPhoneSimulator.ActiveCfg = Debug|Any CPU
		{8226C358-7827-412A-963E-9C5410E58636}.Debug|iPhoneSimulator.Build.0 = Debug|Any CPU
		{8226C358-7827-412A-963E-9C5410E58636}.Debug|x64.ActiveCfg = Debug|Any CPU
		{8226C358-7827-412A-963E-9C5410E58636}.Debug|x64.Build.0 = Debug|Any CPU
		{8226C358-7827-412A-963E-9C5410E58636}.Debug|x86.ActiveCfg = Debug|Any CPU
		{8226C358-7827-412A-963E-9C5410E58636}.Debug|x86.Build.0 = Debug|Any CPU
		{8226C358-7827-412A-963E-9C5410E58636}.Release|Any CPU.ActiveCfg = Release|Any CPU
		{8226C358-7827-412A-963E-9C5410E58636}.Release|Any CPU.Build.0 = Release|Any CPU
		{8226C358-7827-412A-963E-9C5410E58636}.Release|ARM.ActiveCfg = Release|Any CPU
		{8226C358-7827-412A-963E-9C5410E58636}.Release|ARM.Build.0 = Release|Any CPU
		{8226C358-7827-412A-963E-9C5410E58636}.Release|iPhone.ActiveCfg = Release|Any CPU
		{8226C358-7827-412A-963E-9C5410E58636}.Release|iPhone.Build.0 = Release|Any CPU
		{8226C358-7827-412A-963E-9C5410E58636}.Release|iPhoneSimulator.ActiveCfg = Release|Any CPU
		{8226C358-7827-412A-963E-9C5410E58636}.Release|iPhoneSimulator.Build.0 = Release|Any CPU
		{8226C358-7827-412A-963E-9C5410E58636}.Release|x64.ActiveCfg = Release|Any CPU
		{8226C358-7827-412A-963E-9C5410E58636}.Release|x64.Build.0 = Release|Any CPU
		{8226C358-7827-412A-963E-9C5410E58636}.Release|x86.ActiveCfg = Release|Any CPU
		{8226C358-7827-412A-963E-9C5410E58636}.Release|x86.Build.0 = Release|Any CPU
		{A4719EE4-FD7A-4745-84E7-FA8E55A2BF24}.Ad-Hoc|Any CPU.ActiveCfg = Release|Any CPU
		{A4719EE4-FD7A-4745-84E7-FA8E55A2BF24}.Ad-Hoc|Any CPU.Build.0 = Release|Any CPU
		{A4719EE4-FD7A-4745-84E7-FA8E55A2BF24}.Ad-Hoc|ARM.ActiveCfg = Release|Any CPU
		{A4719EE4-FD7A-4745-84E7-FA8E55A2BF24}.Ad-Hoc|ARM.Build.0 = Release|Any CPU
		{A4719EE4-FD7A-4745-84E7-FA8E55A2BF24}.Ad-Hoc|iPhone.ActiveCfg = Release|Any CPU
		{A4719EE4-FD7A-4745-84E7-FA8E55A2BF24}.Ad-Hoc|iPhone.Build.0 = Release|Any CPU
		{A4719EE4-FD7A-4745-84E7-FA8E55A2BF24}.Ad-Hoc|iPhoneSimulator.ActiveCfg = Release|Any CPU
		{A4719EE4-FD7A-4745-84E7-FA8E55A2BF24}.Ad-Hoc|iPhoneSimulator.Build.0 = Release|Any CPU
		{A4719EE4-FD7A-4745-84E7-FA8E55A2BF24}.Ad-Hoc|x64.ActiveCfg = Release|Any CPU
		{A4719EE4-FD7A-4745-84E7-FA8E55A2BF24}.Ad-Hoc|x64.Build.0 = Release|Any CPU
		{A4719EE4-FD7A-4745-84E7-FA8E55A2BF24}.Ad-Hoc|x86.ActiveCfg = Release|Any CPU
		{A4719EE4-FD7A-4745-84E7-FA8E55A2BF24}.Ad-Hoc|x86.Build.0 = Release|Any CPU
		{A4719EE4-FD7A-4745-84E7-FA8E55A2BF24}.AppStore|Any CPU.ActiveCfg = Release|Any CPU
		{A4719EE4-FD7A-4745-84E7-FA8E55A2BF24}.AppStore|Any CPU.Build.0 = Release|Any CPU
		{A4719EE4-FD7A-4745-84E7-FA8E55A2BF24}.AppStore|ARM.ActiveCfg = Release|Any CPU
		{A4719EE4-FD7A-4745-84E7-FA8E55A2BF24}.AppStore|ARM.Build.0 = Release|Any CPU
		{A4719EE4-FD7A-4745-84E7-FA8E55A2BF24}.AppStore|iPhone.ActiveCfg = Release|Any CPU
		{A4719EE4-FD7A-4745-84E7-FA8E55A2BF24}.AppStore|iPhone.Build.0 = Release|Any CPU
		{A4719EE4-FD7A-4745-84E7-FA8E55A2BF24}.AppStore|iPhoneSimulator.ActiveCfg = Release|Any CPU
		{A4719EE4-FD7A-4745-84E7-FA8E55A2BF24}.AppStore|iPhoneSimulator.Build.0 = Release|Any CPU
		{A4719EE4-FD7A-4745-84E7-FA8E55A2BF24}.AppStore|x64.ActiveCfg = Release|Any CPU
		{A4719EE4-FD7A-4745-84E7-FA8E55A2BF24}.AppStore|x64.Build.0 = Release|Any CPU
		{A4719EE4-FD7A-4745-84E7-FA8E55A2BF24}.AppStore|x86.ActiveCfg = Release|Any CPU
		{A4719EE4-FD7A-4745-84E7-FA8E55A2BF24}.AppStore|x86.Build.0 = Release|Any CPU
		{A4719EE4-FD7A-4745-84E7-FA8E55A2BF24}.Debug|Any CPU.ActiveCfg = Debug|Any CPU
		{A4719EE4-FD7A-4745-84E7-FA8E55A2BF24}.Debug|Any CPU.Build.0 = Debug|Any CPU
		{A4719EE4-FD7A-4745-84E7-FA8E55A2BF24}.Debug|ARM.ActiveCfg = Debug|Any CPU
		{A4719EE4-FD7A-4745-84E7-FA8E55A2BF24}.Debug|ARM.Build.0 = Debug|Any CPU
		{A4719EE4-FD7A-4745-84E7-FA8E55A2BF24}.Debug|iPhone.ActiveCfg = Debug|Any CPU
		{A4719EE4-FD7A-4745-84E7-FA8E55A2BF24}.Debug|iPhone.Build.0 = Debug|Any CPU
		{A4719EE4-FD7A-4745-84E7-FA8E55A2BF24}.Debug|iPhoneSimulator.ActiveCfg = Debug|Any CPU
		{A4719EE4-FD7A-4745-84E7-FA8E55A2BF24}.Debug|iPhoneSimulator.Build.0 = Debug|Any CPU
		{A4719EE4-FD7A-4745-84E7-FA8E55A2BF24}.Debug|x64.ActiveCfg = Debug|Any CPU
		{A4719EE4-FD7A-4745-84E7-FA8E55A2BF24}.Debug|x64.Build.0 = Debug|Any CPU
		{A4719EE4-FD7A-4745-84E7-FA8E55A2BF24}.Debug|x86.ActiveCfg = Debug|Any CPU
		{A4719EE4-FD7A-4745-84E7-FA8E55A2BF24}.Debug|x86.Build.0 = Debug|Any CPU
		{A4719EE4-FD7A-4745-84E7-FA8E55A2BF24}.Release|Any CPU.ActiveCfg = Release|Any CPU
		{A4719EE4-FD7A-4745-84E7-FA8E55A2BF24}.Release|Any CPU.Build.0 = Release|Any CPU
		{A4719EE4-FD7A-4745-84E7-FA8E55A2BF24}.Release|ARM.ActiveCfg = Release|Any CPU
		{A4719EE4-FD7A-4745-84E7-FA8E55A2BF24}.Release|ARM.Build.0 = Release|Any CPU
		{A4719EE4-FD7A-4745-84E7-FA8E55A2BF24}.Release|iPhone.ActiveCfg = Release|Any CPU
		{A4719EE4-FD7A-4745-84E7-FA8E55A2BF24}.Release|iPhone.Build.0 = Release|Any CPU
		{A4719EE4-FD7A-4745-84E7-FA8E55A2BF24}.Release|iPhoneSimulator.ActiveCfg = Release|Any CPU
		{A4719EE4-FD7A-4745-84E7-FA8E55A2BF24}.Release|iPhoneSimulator.Build.0 = Release|Any CPU
		{A4719EE4-FD7A-4745-84E7-FA8E55A2BF24}.Release|x64.ActiveCfg = Release|Any CPU
		{A4719EE4-FD7A-4745-84E7-FA8E55A2BF24}.Release|x64.Build.0 = Release|Any CPU
		{A4719EE4-FD7A-4745-84E7-FA8E55A2BF24}.Release|x86.ActiveCfg = Release|Any CPU
		{A4719EE4-FD7A-4745-84E7-FA8E55A2BF24}.Release|x86.Build.0 = Release|Any CPU
		{DA21534F-26CB-4A7B-8E6E-1C82ABE730D6}.Ad-Hoc|Any CPU.ActiveCfg = Release|Any CPU
		{DA21534F-26CB-4A7B-8E6E-1C82ABE730D6}.Ad-Hoc|Any CPU.Build.0 = Release|Any CPU
		{DA21534F-26CB-4A7B-8E6E-1C82ABE730D6}.Ad-Hoc|ARM.ActiveCfg = Release|Any CPU
		{DA21534F-26CB-4A7B-8E6E-1C82ABE730D6}.Ad-Hoc|ARM.Build.0 = Release|Any CPU
		{DA21534F-26CB-4A7B-8E6E-1C82ABE730D6}.Ad-Hoc|iPhone.ActiveCfg = Release|Any CPU
		{DA21534F-26CB-4A7B-8E6E-1C82ABE730D6}.Ad-Hoc|iPhone.Build.0 = Release|Any CPU
		{DA21534F-26CB-4A7B-8E6E-1C82ABE730D6}.Ad-Hoc|iPhoneSimulator.ActiveCfg = Release|Any CPU
		{DA21534F-26CB-4A7B-8E6E-1C82ABE730D6}.Ad-Hoc|iPhoneSimulator.Build.0 = Release|Any CPU
		{DA21534F-26CB-4A7B-8E6E-1C82ABE730D6}.Ad-Hoc|x64.ActiveCfg = Release|Any CPU
		{DA21534F-26CB-4A7B-8E6E-1C82ABE730D6}.Ad-Hoc|x64.Build.0 = Release|Any CPU
		{DA21534F-26CB-4A7B-8E6E-1C82ABE730D6}.Ad-Hoc|x86.ActiveCfg = Release|Any CPU
		{DA21534F-26CB-4A7B-8E6E-1C82ABE730D6}.Ad-Hoc|x86.Build.0 = Release|Any CPU
		{DA21534F-26CB-4A7B-8E6E-1C82ABE730D6}.AppStore|Any CPU.ActiveCfg = Release|Any CPU
		{DA21534F-26CB-4A7B-8E6E-1C82ABE730D6}.AppStore|Any CPU.Build.0 = Release|Any CPU
		{DA21534F-26CB-4A7B-8E6E-1C82ABE730D6}.AppStore|ARM.ActiveCfg = Release|Any CPU
		{DA21534F-26CB-4A7B-8E6E-1C82ABE730D6}.AppStore|ARM.Build.0 = Release|Any CPU
		{DA21534F-26CB-4A7B-8E6E-1C82ABE730D6}.AppStore|iPhone.ActiveCfg = Release|Any CPU
		{DA21534F-26CB-4A7B-8E6E-1C82ABE730D6}.AppStore|iPhone.Build.0 = Release|Any CPU
		{DA21534F-26CB-4A7B-8E6E-1C82ABE730D6}.AppStore|iPhoneSimulator.ActiveCfg = Release|Any CPU
		{DA21534F-26CB-4A7B-8E6E-1C82ABE730D6}.AppStore|iPhoneSimulator.Build.0 = Release|Any CPU
		{DA21534F-26CB-4A7B-8E6E-1C82ABE730D6}.AppStore|x64.ActiveCfg = Release|Any CPU
		{DA21534F-26CB-4A7B-8E6E-1C82ABE730D6}.AppStore|x64.Build.0 = Release|Any CPU
		{DA21534F-26CB-4A7B-8E6E-1C82ABE730D6}.AppStore|x86.ActiveCfg = Release|Any CPU
		{DA21534F-26CB-4A7B-8E6E-1C82ABE730D6}.AppStore|x86.Build.0 = Release|Any CPU
		{DA21534F-26CB-4A7B-8E6E-1C82ABE730D6}.Debug|Any CPU.ActiveCfg = Debug|Any CPU
		{DA21534F-26CB-4A7B-8E6E-1C82ABE730D6}.Debug|Any CPU.Build.0 = Debug|Any CPU
		{DA21534F-26CB-4A7B-8E6E-1C82ABE730D6}.Debug|ARM.ActiveCfg = Debug|Any CPU
		{DA21534F-26CB-4A7B-8E6E-1C82ABE730D6}.Debug|ARM.Build.0 = Debug|Any CPU
		{DA21534F-26CB-4A7B-8E6E-1C82ABE730D6}.Debug|iPhone.ActiveCfg = Debug|Any CPU
		{DA21534F-26CB-4A7B-8E6E-1C82ABE730D6}.Debug|iPhone.Build.0 = Debug|Any CPU
		{DA21534F-26CB-4A7B-8E6E-1C82ABE730D6}.Debug|iPhoneSimulator.ActiveCfg = Debug|Any CPU
		{DA21534F-26CB-4A7B-8E6E-1C82ABE730D6}.Debug|iPhoneSimulator.Build.0 = Debug|Any CPU
		{DA21534F-26CB-4A7B-8E6E-1C82ABE730D6}.Debug|x64.ActiveCfg = Debug|Any CPU
		{DA21534F-26CB-4A7B-8E6E-1C82ABE730D6}.Debug|x64.Build.0 = Debug|Any CPU
		{DA21534F-26CB-4A7B-8E6E-1C82ABE730D6}.Debug|x86.ActiveCfg = Debug|Any CPU
		{DA21534F-26CB-4A7B-8E6E-1C82ABE730D6}.Debug|x86.Build.0 = Debug|Any CPU
		{DA21534F-26CB-4A7B-8E6E-1C82ABE730D6}.Release|Any CPU.ActiveCfg = Release|Any CPU
		{DA21534F-26CB-4A7B-8E6E-1C82ABE730D6}.Release|Any CPU.Build.0 = Release|Any CPU
		{DA21534F-26CB-4A7B-8E6E-1C82ABE730D6}.Release|ARM.ActiveCfg = Release|Any CPU
		{DA21534F-26CB-4A7B-8E6E-1C82ABE730D6}.Release|ARM.Build.0 = Release|Any CPU
		{DA21534F-26CB-4A7B-8E6E-1C82ABE730D6}.Release|iPhone.ActiveCfg = Release|Any CPU
		{DA21534F-26CB-4A7B-8E6E-1C82ABE730D6}.Release|iPhone.Build.0 = Release|Any CPU
		{DA21534F-26CB-4A7B-8E6E-1C82ABE730D6}.Release|iPhoneSimulator.ActiveCfg = Release|Any CPU
		{DA21534F-26CB-4A7B-8E6E-1C82ABE730D6}.Release|iPhoneSimulator.Build.0 = Release|Any CPU
		{DA21534F-26CB-4A7B-8E6E-1C82ABE730D6}.Release|x64.ActiveCfg = Release|Any CPU
		{DA21534F-26CB-4A7B-8E6E-1C82ABE730D6}.Release|x64.Build.0 = Release|Any CPU
		{DA21534F-26CB-4A7B-8E6E-1C82ABE730D6}.Release|x86.ActiveCfg = Release|Any CPU
		{DA21534F-26CB-4A7B-8E6E-1C82ABE730D6}.Release|x86.Build.0 = Release|Any CPU
		{43B1E1EB-41AA-4786-B286-F21179C67F12}.Ad-Hoc|Any CPU.ActiveCfg = Release|Any CPU
		{43B1E1EB-41AA-4786-B286-F21179C67F12}.Ad-Hoc|Any CPU.Build.0 = Release|Any CPU
		{43B1E1EB-41AA-4786-B286-F21179C67F12}.Ad-Hoc|ARM.ActiveCfg = Release|Any CPU
		{43B1E1EB-41AA-4786-B286-F21179C67F12}.Ad-Hoc|ARM.Build.0 = Release|Any CPU
		{43B1E1EB-41AA-4786-B286-F21179C67F12}.Ad-Hoc|iPhone.ActiveCfg = Release|Any CPU
		{43B1E1EB-41AA-4786-B286-F21179C67F12}.Ad-Hoc|iPhone.Build.0 = Release|Any CPU
		{43B1E1EB-41AA-4786-B286-F21179C67F12}.Ad-Hoc|iPhoneSimulator.ActiveCfg = Release|Any CPU
		{43B1E1EB-41AA-4786-B286-F21179C67F12}.Ad-Hoc|iPhoneSimulator.Build.0 = Release|Any CPU
		{43B1E1EB-41AA-4786-B286-F21179C67F12}.Ad-Hoc|x64.ActiveCfg = Release|Any CPU
		{43B1E1EB-41AA-4786-B286-F21179C67F12}.Ad-Hoc|x64.Build.0 = Release|Any CPU
		{43B1E1EB-41AA-4786-B286-F21179C67F12}.Ad-Hoc|x86.ActiveCfg = Release|Any CPU
		{43B1E1EB-41AA-4786-B286-F21179C67F12}.Ad-Hoc|x86.Build.0 = Release|Any CPU
		{43B1E1EB-41AA-4786-B286-F21179C67F12}.AppStore|Any CPU.ActiveCfg = Release|Any CPU
		{43B1E1EB-41AA-4786-B286-F21179C67F12}.AppStore|Any CPU.Build.0 = Release|Any CPU
		{43B1E1EB-41AA-4786-B286-F21179C67F12}.AppStore|ARM.ActiveCfg = Release|Any CPU
		{43B1E1EB-41AA-4786-B286-F21179C67F12}.AppStore|ARM.Build.0 = Release|Any CPU
		{43B1E1EB-41AA-4786-B286-F21179C67F12}.AppStore|iPhone.ActiveCfg = Release|Any CPU
		{43B1E1EB-41AA-4786-B286-F21179C67F12}.AppStore|iPhone.Build.0 = Release|Any CPU
		{43B1E1EB-41AA-4786-B286-F21179C67F12}.AppStore|iPhoneSimulator.ActiveCfg = Release|Any CPU
		{43B1E1EB-41AA-4786-B286-F21179C67F12}.AppStore|iPhoneSimulator.Build.0 = Release|Any CPU
		{43B1E1EB-41AA-4786-B286-F21179C67F12}.AppStore|x64.ActiveCfg = Release|Any CPU
		{43B1E1EB-41AA-4786-B286-F21179C67F12}.AppStore|x64.Build.0 = Release|Any CPU
		{43B1E1EB-41AA-4786-B286-F21179C67F12}.AppStore|x86.ActiveCfg = Release|Any CPU
		{43B1E1EB-41AA-4786-B286-F21179C67F12}.AppStore|x86.Build.0 = Release|Any CPU
		{43B1E1EB-41AA-4786-B286-F21179C67F12}.Debug|Any CPU.ActiveCfg = Debug|Any CPU
		{43B1E1EB-41AA-4786-B286-F21179C67F12}.Debug|Any CPU.Build.0 = Debug|Any CPU
		{43B1E1EB-41AA-4786-B286-F21179C67F12}.Debug|ARM.ActiveCfg = Debug|Any CPU
		{43B1E1EB-41AA-4786-B286-F21179C67F12}.Debug|ARM.Build.0 = Debug|Any CPU
		{43B1E1EB-41AA-4786-B286-F21179C67F12}.Debug|iPhone.ActiveCfg = Debug|Any CPU
		{43B1E1EB-41AA-4786-B286-F21179C67F12}.Debug|iPhone.Build.0 = Debug|Any CPU
		{43B1E1EB-41AA-4786-B286-F21179C67F12}.Debug|iPhoneSimulator.ActiveCfg = Debug|Any CPU
		{43B1E1EB-41AA-4786-B286-F21179C67F12}.Debug|iPhoneSimulator.Build.0 = Debug|Any CPU
		{43B1E1EB-41AA-4786-B286-F21179C67F12}.Debug|x64.ActiveCfg = Debug|Any CPU
		{43B1E1EB-41AA-4786-B286-F21179C67F12}.Debug|x64.Build.0 = Debug|Any CPU
		{43B1E1EB-41AA-4786-B286-F21179C67F12}.Debug|x86.ActiveCfg = Debug|Any CPU
		{43B1E1EB-41AA-4786-B286-F21179C67F12}.Debug|x86.Build.0 = Debug|Any CPU
		{43B1E1EB-41AA-4786-B286-F21179C67F12}.Release|Any CPU.ActiveCfg = Release|Any CPU
		{43B1E1EB-41AA-4786-B286-F21179C67F12}.Release|Any CPU.Build.0 = Release|Any CPU
		{43B1E1EB-41AA-4786-B286-F21179C67F12}.Release|ARM.ActiveCfg = Release|Any CPU
		{43B1E1EB-41AA-4786-B286-F21179C67F12}.Release|ARM.Build.0 = Release|Any CPU
		{43B1E1EB-41AA-4786-B286-F21179C67F12}.Release|iPhone.ActiveCfg = Release|Any CPU
		{43B1E1EB-41AA-4786-B286-F21179C67F12}.Release|iPhone.Build.0 = Release|Any CPU
		{43B1E1EB-41AA-4786-B286-F21179C67F12}.Release|iPhoneSimulator.ActiveCfg = Release|Any CPU
		{43B1E1EB-41AA-4786-B286-F21179C67F12}.Release|iPhoneSimulator.Build.0 = Release|Any CPU
		{43B1E1EB-41AA-4786-B286-F21179C67F12}.Release|x64.ActiveCfg = Release|Any CPU
		{43B1E1EB-41AA-4786-B286-F21179C67F12}.Release|x64.Build.0 = Release|Any CPU
		{43B1E1EB-41AA-4786-B286-F21179C67F12}.Release|x86.ActiveCfg = Release|Any CPU
		{43B1E1EB-41AA-4786-B286-F21179C67F12}.Release|x86.Build.0 = Release|Any CPU
	EndGlobalSection
	GlobalSection(SolutionProperties) = preSolution
		HideSolutionNode = FALSE
	EndGlobalSection
	GlobalSection(ExtensibilityGlobals) = postSolution
		SolutionGuid = {97F732DA-43C1-4A81-B366-7EFD114770AD}
	EndGlobalSection
EndGlobal
